
Microsoft Visual Studio Solution File, Format Version 12.00
Project("{FAE04EC0-301F-11D3-BF4B-00C04F79EFBC}") = "FilterBuilder", "FilterBuilder.csproj", "{19BD4382-8F22-44CA-BFCD-A5B9878BD72C}"
EndProject
Project("{FAE04EC0-301F-11D3-BF4B-00C04F79EFBC}") = "FilterBuilderUpdater", "FilterBuilderUpdater\FilterBuilderUpdater.csproj", "{21207B22-E405-43CB-B861-2B3A603F06FF}"
EndProject
Global
	GlobalSection(SolutionConfigurationPlatforms) = preSolution
		Debug|Any CPU = Debug|Any CPU
		Release|Any CPU = Release|Any CPU
	EndGlobalSection
	GlobalSection(ProjectConfigurationPlatforms) = postSolution
		{19BD4382-8F22-44CA-BFCD-A5B9878BD72C}.Debug|Any CPU.ActiveCfg = Debug|Any CPU
		{19BD4382-8F22-44CA-BFCD-A5B9878BD72C}.Debug|Any CPU.Build.0 = Debug|Any CPU
		{19BD4382-8F22-44CA-BFCD-A5B9878BD72C}.Release|Any CPU.ActiveCfg = Release|Any CPU
		{19BD4382-8F22-44CA-BFCD-A5B9878BD72C}.Release|Any CPU.Build.0 = Release|Any CPU
		{21207B22-E405-43CB-B861-2B3A603F06FF}.Debug|Any CPU.ActiveCfg = Debug|Any CPU
		{21207B22-E405-43CB-B861-2B3A603F06FF}.Debug|Any CPU.Build.0 = Debug|Any CPU
		{21207B22-E405-43CB-B861-2B3A603F06FF}.Release|Any CPU.ActiveCfg = Release|Any CPU
		{21207B22-E405-43CB-B861-2B3A603F06FF}.Release|Any CPU.Build.0 = Release|Any CPU
	EndGlobalSection
EndGlobal
